// !$*UTF8*$!
{
	archiveVersion = 1;
	classes = {
	};
	objectVersion = 51;
	objects = {

/* Begin PBXBuildFile section */
		220383FC231654A0003C285B /* UIScreen+Extension.swift in Sources */ = {isa = PBXBuildFile; fileRef = 220383FB231654A0003C285B /* UIScreen+Extension.swift */; };
		220383FE231657E8003C285B /* UIColor+Extension.swift in Sources */ = {isa = PBXBuildFile; fileRef = 220383FD231657E8003C285B /* UIColor+Extension.swift */; };
		2203840023165860003C285B /* UIImage+Extension.swift in Sources */ = {isa = PBXBuildFile; fileRef = 220383FF23165860003C285B /* UIImage+Extension.swift */; };
		2203840223165999003C285B /* UICollectionView+Extension.swift in Sources */ = {isa = PBXBuildFile; fileRef = 2203840123165999003C285B /* UICollectionView+Extension.swift */; };
		2203840523165CA6003C285B /* CollageCollectionViewCell.xib in Resources */ = {isa = PBXBuildFile; fileRef = 2203840423165CA6003C285B /* CollageCollectionViewCell.xib */; };
		2203840923165D85003C285B /* CollageCollectionViewCell.swift in Sources */ = {isa = PBXBuildFile; fileRef = 2203840823165D85003C285B /* CollageCollectionViewCell.swift */; };
		2203840B231665D6003C285B /* SelectionView.swift in Sources */ = {isa = PBXBuildFile; fileRef = 2203840A231665D6003C285B /* SelectionView.swift */; };
		2203840E23166CF2003C285B /* CollageViewController.swift in Sources */ = {isa = PBXBuildFile; fileRef = 2203840D23166CF2003C285B /* CollageViewController.swift */; };
		220384122316A633003C285B /* PrototypeCollectionViewLayout.swift in Sources */ = {isa = PBXBuildFile; fileRef = 220384112316A633003C285B /* PrototypeCollectionViewLayout.swift */; };
		220384182317A5AC003C285B /* FunctionOption.swift in Sources */ = {isa = PBXBuildFile; fileRef = 220384172317A5AC003C285B /* FunctionOption.swift */; };
		2205CC8B23250682000682BE /* JonAlertWrapper.swift in Sources */ = {isa = PBXBuildFile; fileRef = 2205CC8A23250682000682BE /* JonAlertWrapper.swift */; };
		2205CC8E23269CBB000682BE /* CollagePreviewViewController.swift in Sources */ = {isa = PBXBuildFile; fileRef = 2205CC8D23269CBB000682BE /* CollagePreviewViewController.swift */; };
		2205CC902326A700000682BE /* Gradient.swift in Sources */ = {isa = PBXBuildFile; fileRef = 2205CC8F2326A700000682BE /* Gradient.swift */; };
		2205CC922328D24F000682BE /* PushTransition.swift in Sources */ = {isa = PBXBuildFile; fileRef = 2205CC912328D24F000682BE /* PushTransition.swift */; };
		2205CC952328D380000682BE /* CanvasViewController.swift in Sources */ = {isa = PBXBuildFile; fileRef = 2205CC942328D380000682BE /* CanvasViewController.swift */; };
		2205CC992329057A000682BE /* PopTransition.swift in Sources */ = {isa = PBXBuildFile; fileRef = 2205CC982329057A000682BE /* PopTransition.swift */; };
		2205CC9C2329F736000682BE /* CanvasView.swift in Sources */ = {isa = PBXBuildFile; fileRef = 2205CC9B2329F736000682BE /* CanvasView.swift */; };
		2205CCC1232A92E2000682BE /* StrokeLine.swift in Sources */ = {isa = PBXBuildFile; fileRef = 2205CCC0232A92E2000682BE /* StrokeLine.swift */; };
		2206B7E42318DCC3000B0135 /* UIView+Extension.swift in Sources */ = {isa = PBXBuildFile; fileRef = 2206B7E32318DCC3000B0135 /* UIView+Extension.swift */; };
		22213E4C2333251A00D24EF0 /* Launching.storyboard in Resources */ = {isa = PBXBuildFile; fileRef = 22213E4B2333251A00D24EF0 /* Launching.storyboard */; };
		22213E4E2333604500D24EF0 /* CardView.swift in Sources */ = {isa = PBXBuildFile; fileRef = 22213E4D2333604500D24EF0 /* CardView.swift */; };
		2222166A23350211005F48E1 /* downArrow.json in Resources */ = {isa = PBXBuildFile; fileRef = 2222166923350211005F48E1 /* downArrow.json */; };
		2222166C23351C8C005F48E1 /* video_animation.json in Resources */ = {isa = PBXBuildFile; fileRef = 2222166B23351C8C005F48E1 /* video_animation.json */; };
		2222F34C2336545A0084FA91 /* String+Extension.swift in Sources */ = {isa = PBXBuildFile; fileRef = 2222F34B2336545A0084FA91 /* String+Extension.swift */; };
		2222F35023367E920084FA91 /* loading.json in Resources */ = {isa = PBXBuildFile; fileRef = 2222F34F23367E920084FA91 /* loading.json */; };
		2234F5F5233A3594008B0303 /* PrivacyViewController.swift in Sources */ = {isa = PBXBuildFile; fileRef = 2234F5F4233A3594008B0303 /* PrivacyViewController.swift */; };
		2234F5F7233A3C3B008B0303 /* Pravicy.storyboard in Resources */ = {isa = PBXBuildFile; fileRef = 2234F5F6233A3C3B008B0303 /* Pravicy.storyboard */; };
		2234F5F9233A5A63008B0303 /* WebKit.framework in Frameworks */ = {isa = PBXBuildFile; fileRef = 2234F5F8233A5A63008B0303 /* WebKit.framework */; };
		2234F5FB233B2486008B0303 /* GoogleService-Info.plist in Resources */ = {isa = PBXBuildFile; fileRef = 2234F5FA233B2485008B0303 /* GoogleService-Info.plist */; };
		22D5268E2315460B00F76354 /* AppDelegate.swift in Sources */ = {isa = PBXBuildFile; fileRef = 22D5268D2315460B00F76354 /* AppDelegate.swift */; };
		22D526932315460B00F76354 /* Collage.storyboard in Resources */ = {isa = PBXBuildFile; fileRef = 22D526912315460B00F76354 /* Collage.storyboard */; };
		22D526962315460B00F76354 /* PiggyPatchwork.xcdatamodeld in Sources */ = {isa = PBXBuildFile; fileRef = 22D526942315460B00F76354 /* PiggyPatchwork.xcdatamodeld */; };
		22D526982315460D00F76354 /* Assets.xcassets in Resources */ = {isa = PBXBuildFile; fileRef = 22D526972315460D00F76354 /* Assets.xcassets */; };
		22D5269B2315460D00F76354 /* LaunchScreen.storyboard in Resources */ = {isa = PBXBuildFile; fileRef = 22D526992315460D00F76354 /* LaunchScreen.storyboard */; };
		22D735F52334AAB300AB34F1 /* LottieAnimation.swift in Sources */ = {isa = PBXBuildFile; fileRef = 22D735F42334AAB300AB34F1 /* LottieAnimation.swift */; };
		22D735F72334BD3A00AB34F1 /* LottieWrapper.swift in Sources */ = {isa = PBXBuildFile; fileRef = 22D735F62334BD3A00AB34F1 /* LottieWrapper.swift */; };
		22FAD713233E172C001062D7 /* LaunchingViewController.swift in Sources */ = {isa = PBXBuildFile; fileRef = 22FAD712233E172C001062D7 /* LaunchingViewController.swift */; };
		22FAD7172340BD66001062D7 /* PiggyDiffussionTransition.swift in Sources */ = {isa = PBXBuildFile; fileRef = 22FAD7162340BD66001062D7 /* PiggyDiffussionTransition.swift */; };
		22FAD71923434A96001062D7 /* UIApplication+Extension.swift in Sources */ = {isa = PBXBuildFile; fileRef = 22FAD71823434A96001062D7 /* UIApplication+Extension.swift */; };
		22FAD71C23442E8D001062D7 /* OpalImagePickerWrapper.swift in Sources */ = {isa = PBXBuildFile; fileRef = 22FAD71B23442E8D001062D7 /* OpalImagePickerWrapper.swift */; };
		22FAD71E2344AF2D001062D7 /* UIButton+Extension.swift in Sources */ = {isa = PBXBuildFile; fileRef = 22FAD71D2344AF2D001062D7 /* UIButton+Extension.swift */; };
		22FAD7212344E57D001062D7 /* FaceDetection.swift in Sources */ = {isa = PBXBuildFile; fileRef = 22FAD7202344E57D001062D7 /* FaceDetection.swift */; };
		22FAD7232346355A001062D7 /* BackgroundColorController.swift in Sources */ = {isa = PBXBuildFile; fileRef = 22FAD7222346355A001062D7 /* BackgroundColorController.swift */; };
		22FAD72523463574001062D7 /* EmoticonController.swift in Sources */ = {isa = PBXBuildFile; fileRef = 22FAD72423463574001062D7 /* EmoticonController.swift */; };
		22FE136F232E4205002F7F30 /* Lobby.storyboard in Resources */ = {isa = PBXBuildFile; fileRef = 22FE136E232E4205002F7F30 /* Lobby.storyboard */; };
		22FE1371232E421C002F7F30 /* PhotoMovie.storyboard in Resources */ = {isa = PBXBuildFile; fileRef = 22FE1370232E421B002F7F30 /* PhotoMovie.storyboard */; };
		22FE1373232E5611002F7F30 /* UIStoryboard+Extension.swift in Sources */ = {isa = PBXBuildFile; fileRef = 22FE1372232E5611002F7F30 /* UIStoryboard+Extension.swift */; };
		22FE1375232E585A002F7F30 /* LobbyViewController.swift in Sources */ = {isa = PBXBuildFile; fileRef = 22FE1374232E585A002F7F30 /* LobbyViewController.swift */; };
		22FE137A232E5951002F7F30 /* PhotoMovieViewController.swift in Sources */ = {isa = PBXBuildFile; fileRef = 22FE1379232E5951002F7F30 /* PhotoMovieViewController.swift */; };
		22FE137E232F3F0E002F7F30 /* PhotoMovieTableViewCell.swift in Sources */ = {isa = PBXBuildFile; fileRef = 22FE137D232F3F0E002F7F30 /* PhotoMovieTableViewCell.swift */; };
		22FE1380232F3F68002F7F30 /* PhotoMovieTableViewCell.xib in Resources */ = {isa = PBXBuildFile; fileRef = 22FE137F232F3F68002F7F30 /* PhotoMovieTableViewCell.xib */; };
		22FE1382232F3F97002F7F30 /* UITableView+Extension.swift in Sources */ = {isa = PBXBuildFile; fileRef = 22FE1381232F3F97002F7F30 /* UITableView+Extension.swift */; };
		22FE13842330BEBD002F7F30 /* CollageController.swift in Sources */ = {isa = PBXBuildFile; fileRef = 22FE13832330BEBD002F7F30 /* CollageController.swift */; };
		22FE13872330EC64002F7F30 /* PhotoMovie.swift in Sources */ = {isa = PBXBuildFile; fileRef = 22FE13862330EC64002F7F30 /* PhotoMovie.swift */; };
		22FE138A2332025B002F7F30 /* MoviePreviewViewController.swift in Sources */ = {isa = PBXBuildFile; fileRef = 22FE13892332025B002F7F30 /* MoviePreviewViewController.swift */; };
		22FE5042231CE86300C2C1C1 /* BackgroundColorCollectionViewCell.xib in Resources */ = {isa = PBXBuildFile; fileRef = 22FE5041231CE86300C2C1C1 /* BackgroundColorCollectionViewCell.xib */; };
		22FE5044231CE89600C2C1C1 /* BackgroundColorCollectionViewCell.swift in Sources */ = {isa = PBXBuildFile; fileRef = 22FE5043231CE89600C2C1C1 /* BackgroundColorCollectionViewCell.swift */; };
		22FE5046231CFC7F00C2C1C1 /* PrototypeLayout.swift in Sources */ = {isa = PBXBuildFile; fileRef = 22FE5045231CFC7F00C2C1C1 /* PrototypeLayout.swift */; };
		22FE5048231E77B600C2C1C1 /* EmoticonCollectionViewCell.xib in Resources */ = {isa = PBXBuildFile; fileRef = 22FE5047231E77B600C2C1C1 /* EmoticonCollectionViewCell.xib */; };
		22FE504A231E78AE00C2C1C1 /* EmoticonCollectionViewCell.swift in Sources */ = {isa = PBXBuildFile; fileRef = 22FE5049231E78AE00C2C1C1 /* EmoticonCollectionViewCell.swift */; };
		22FE5050231F9A5500C2C1C1 /* CGFloat+Extension.swift in Sources */ = {isa = PBXBuildFile; fileRef = 22FE504F231F9A5500C2C1C1 /* CGFloat+Extension.swift */; };
		252133BE3CDEF6C3528CA833 /* Pods_PiggyPatchwork.framework in Frameworks */ = {isa = PBXBuildFile; fileRef = 05D3706CE9AF71A0B1261D49 /* Pods_PiggyPatchwork.framework */; };
/* End PBXBuildFile section */

/* Begin PBXFileReference section */
		05D3706CE9AF71A0B1261D49 /* Pods_PiggyPatchwork.framework */ = {isa = PBXFileReference; explicitFileType = wrapper.framework; includeInIndex = 0; path = Pods_PiggyPatchwork.framework; sourceTree = BUILT_PRODUCTS_DIR; };
		220383FB231654A0003C285B /* UIScreen+Extension.swift */ = {isa = PBXFileReference; lastKnownFileType = sourcecode.swift; path = "UIScreen+Extension.swift"; sourceTree = "<group>"; };
		220383FD231657E8003C285B /* UIColor+Extension.swift */ = {isa = PBXFileReference; lastKnownFileType = sourcecode.swift; path = "UIColor+Extension.swift"; sourceTree = "<group>"; };
		220383FF23165860003C285B /* UIImage+Extension.swift */ = {isa = PBXFileReference; lastKnownFileType = sourcecode.swift; path = "UIImage+Extension.swift"; sourceTree = "<group>"; };
		2203840123165999003C285B /* UICollectionView+Extension.swift */ = {isa = PBXFileReference; lastKnownFileType = sourcecode.swift; path = "UICollectionView+Extension.swift"; sourceTree = "<group>"; };
		2203840423165CA6003C285B /* CollageCollectionViewCell.xib */ = {isa = PBXFileReference; lastKnownFileType = file.xib; path = CollageCollectionViewCell.xib; sourceTree = "<group>"; };
		2203840823165D85003C285B /* CollageCollectionViewCell.swift */ = {isa = PBXFileReference; lastKnownFileType = sourcecode.swift; path = CollageCollectionViewCell.swift; sourceTree = "<group>"; };
		2203840A231665D6003C285B /* SelectionView.swift */ = {isa = PBXFileReference; lastKnownFileType = sourcecode.swift; path = SelectionView.swift; sourceTree = "<group>"; };
		2203840D23166CF2003C285B /* CollageViewController.swift */ = {isa = PBXFileReference; lastKnownFileType = sourcecode.swift; path = CollageViewController.swift; sourceTree = "<group>"; };
		220384112316A633003C285B /* PrototypeCollectionViewLayout.swift */ = {isa = PBXFileReference; lastKnownFileType = sourcecode.swift; path = PrototypeCollectionViewLayout.swift; sourceTree = "<group>"; };
		220384172317A5AC003C285B /* FunctionOption.swift */ = {isa = PBXFileReference; lastKnownFileType = sourcecode.swift; path = FunctionOption.swift; sourceTree = "<group>"; };
		2205CC8A23250682000682BE /* JonAlertWrapper.swift */ = {isa = PBXFileReference; lastKnownFileType = sourcecode.swift; path = JonAlertWrapper.swift; sourceTree = "<group>"; };
		2205CC8D23269CBB000682BE /* CollagePreviewViewController.swift */ = {isa = PBXFileReference; lastKnownFileType = sourcecode.swift; path = CollagePreviewViewController.swift; sourceTree = "<group>"; };
		2205CC8F2326A700000682BE /* Gradient.swift */ = {isa = PBXFileReference; lastKnownFileType = sourcecode.swift; path = Gradient.swift; sourceTree = "<group>"; };
		2205CC912328D24F000682BE /* PushTransition.swift */ = {isa = PBXFileReference; lastKnownFileType = sourcecode.swift; path = PushTransition.swift; sourceTree = "<group>"; };
		2205CC942328D380000682BE /* CanvasViewController.swift */ = {isa = PBXFileReference; lastKnownFileType = sourcecode.swift; path = CanvasViewController.swift; sourceTree = "<group>"; };
		2205CC982329057A000682BE /* PopTransition.swift */ = {isa = PBXFileReference; lastKnownFileType = sourcecode.swift; path = PopTransition.swift; sourceTree = "<group>"; };
		2205CC9B2329F736000682BE /* CanvasView.swift */ = {isa = PBXFileReference; lastKnownFileType = sourcecode.swift; path = CanvasView.swift; sourceTree = "<group>"; };
		2205CCC0232A92E2000682BE /* StrokeLine.swift */ = {isa = PBXFileReference; lastKnownFileType = sourcecode.swift; path = StrokeLine.swift; sourceTree = "<group>"; };
		2206B7E32318DCC3000B0135 /* UIView+Extension.swift */ = {isa = PBXFileReference; lastKnownFileType = sourcecode.swift; path = "UIView+Extension.swift"; sourceTree = "<group>"; };
		22213E4B2333251A00D24EF0 /* Launching.storyboard */ = {isa = PBXFileReference; lastKnownFileType = file.storyboard; path = Launching.storyboard; sourceTree = "<group>"; };
		22213E4D2333604500D24EF0 /* CardView.swift */ = {isa = PBXFileReference; lastKnownFileType = sourcecode.swift; path = CardView.swift; sourceTree = "<group>"; };
		2222166923350211005F48E1 /* downArrow.json */ = {isa = PBXFileReference; fileEncoding = 4; lastKnownFileType = text.json; path = downArrow.json; sourceTree = "<group>"; };
		2222166B23351C8C005F48E1 /* video_animation.json */ = {isa = PBXFileReference; fileEncoding = 4; lastKnownFileType = text.json; path = video_animation.json; sourceTree = "<group>"; };
		2222F34B2336545A0084FA91 /* String+Extension.swift */ = {isa = PBXFileReference; lastKnownFileType = sourcecode.swift; path = "String+Extension.swift"; sourceTree = "<group>"; };
		2222F34F23367E920084FA91 /* loading.json */ = {isa = PBXFileReference; fileEncoding = 4; lastKnownFileType = text.json; path = loading.json; sourceTree = "<group>"; };
		2234F5F4233A3594008B0303 /* PrivacyViewController.swift */ = {isa = PBXFileReference; lastKnownFileType = sourcecode.swift; path = PrivacyViewController.swift; sourceTree = "<group>"; };
		2234F5F6233A3C3B008B0303 /* Pravicy.storyboard */ = {isa = PBXFileReference; lastKnownFileType = file.storyboard; path = Pravicy.storyboard; sourceTree = "<group>"; };
		2234F5F8233A5A63008B0303 /* WebKit.framework */ = {isa = PBXFileReference; lastKnownFileType = wrapper.framework; name = WebKit.framework; path = System/Library/Frameworks/WebKit.framework; sourceTree = SDKROOT; };
		2234F5FA233B2485008B0303 /* GoogleService-Info.plist */ = {isa = PBXFileReference; fileEncoding = 4; lastKnownFileType = text.plist.xml; path = "GoogleService-Info.plist"; sourceTree = "<group>"; };
		22D5268A2315460B00F76354 /* PiggyPatchwork.app */ = {isa = PBXFileReference; explicitFileType = wrapper.application; includeInIndex = 0; path = PiggyPatchwork.app; sourceTree = BUILT_PRODUCTS_DIR; };
		22D5268D2315460B00F76354 /* AppDelegate.swift */ = {isa = PBXFileReference; lastKnownFileType = sourcecode.swift; path = AppDelegate.swift; sourceTree = "<group>"; };
		22D526922315460B00F76354 /* Base */ = {isa = PBXFileReference; lastKnownFileType = file.storyboard; name = Base; path = Base.lproj/Collage.storyboard; sourceTree = "<group>"; };
		22D526952315460B00F76354 /* PiggyPatchwork.xcdatamodel */ = {isa = PBXFileReference; lastKnownFileType = wrapper.xcdatamodel; path = PiggyPatchwork.xcdatamodel; sourceTree = "<group>"; };
		22D526972315460D00F76354 /* Assets.xcassets */ = {isa = PBXFileReference; lastKnownFileType = folder.assetcatalog; path = Assets.xcassets; sourceTree = "<group>"; };
		22D5269A2315460D00F76354 /* Base */ = {isa = PBXFileReference; lastKnownFileType = file.storyboard; name = Base; path = Base.lproj/LaunchScreen.storyboard; sourceTree = "<group>"; };
		22D5269C2315460D00F76354 /* Info.plist */ = {isa = PBXFileReference; lastKnownFileType = text.plist.xml; path = Info.plist; sourceTree = "<group>"; };
		22D735F42334AAB300AB34F1 /* LottieAnimation.swift */ = {isa = PBXFileReference; lastKnownFileType = sourcecode.swift; path = LottieAnimation.swift; sourceTree = "<group>"; };
		22D735F62334BD3A00AB34F1 /* LottieWrapper.swift */ = {isa = PBXFileReference; lastKnownFileType = sourcecode.swift; path = LottieWrapper.swift; sourceTree = "<group>"; };
		22FAD712233E172C001062D7 /* LaunchingViewController.swift */ = {isa = PBXFileReference; lastKnownFileType = sourcecode.swift; path = LaunchingViewController.swift; sourceTree = "<group>"; };
		22FAD7162340BD66001062D7 /* PiggyDiffussionTransition.swift */ = {isa = PBXFileReference; lastKnownFileType = sourcecode.swift; path = PiggyDiffussionTransition.swift; sourceTree = "<group>"; };
		22FAD71823434A96001062D7 /* UIApplication+Extension.swift */ = {isa = PBXFileReference; lastKnownFileType = sourcecode.swift; path = "UIApplication+Extension.swift"; sourceTree = "<group>"; };
		22FAD71B23442E8D001062D7 /* OpalImagePickerWrapper.swift */ = {isa = PBXFileReference; lastKnownFileType = sourcecode.swift; path = OpalImagePickerWrapper.swift; sourceTree = "<group>"; };
		22FAD71D2344AF2D001062D7 /* UIButton+Extension.swift */ = {isa = PBXFileReference; lastKnownFileType = sourcecode.swift; path = "UIButton+Extension.swift"; sourceTree = "<group>"; };
		22FAD7202344E57D001062D7 /* FaceDetection.swift */ = {isa = PBXFileReference; lastKnownFileType = sourcecode.swift; path = FaceDetection.swift; sourceTree = "<group>"; };
		22FAD7222346355A001062D7 /* BackgroundColorController.swift */ = {isa = PBXFileReference; lastKnownFileType = sourcecode.swift; path = BackgroundColorController.swift; sourceTree = "<group>"; };
		22FAD72423463574001062D7 /* EmoticonController.swift */ = {isa = PBXFileReference; lastKnownFileType = sourcecode.swift; path = EmoticonController.swift; sourceTree = "<group>"; };
		22FE136E232E4205002F7F30 /* Lobby.storyboard */ = {isa = PBXFileReference; lastKnownFileType = file.storyboard; path = Lobby.storyboard; sourceTree = "<group>"; };
		22FE1370232E421B002F7F30 /* PhotoMovie.storyboard */ = {isa = PBXFileReference; lastKnownFileType = file.storyboard; path = PhotoMovie.storyboard; sourceTree = "<group>"; };
		22FE1372232E5611002F7F30 /* UIStoryboard+Extension.swift */ = {isa = PBXFileReference; lastKnownFileType = sourcecode.swift; path = "UIStoryboard+Extension.swift"; sourceTree = "<group>"; };
		22FE1374232E585A002F7F30 /* LobbyViewController.swift */ = {isa = PBXFileReference; lastKnownFileType = sourcecode.swift; path = LobbyViewController.swift; sourceTree = "<group>"; };
		22FE1379232E5951002F7F30 /* PhotoMovieViewController.swift */ = {isa = PBXFileReference; lastKnownFileType = sourcecode.swift; path = PhotoMovieViewController.swift; sourceTree = "<group>"; };
		22FE137D232F3F0E002F7F30 /* PhotoMovieTableViewCell.swift */ = {isa = PBXFileReference; lastKnownFileType = sourcecode.swift; path = PhotoMovieTableViewCell.swift; sourceTree = "<group>"; };
		22FE137F232F3F68002F7F30 /* PhotoMovieTableViewCell.xib */ = {isa = PBXFileReference; lastKnownFileType = file.xib; path = PhotoMovieTableViewCell.xib; sourceTree = "<group>"; };
		22FE1381232F3F97002F7F30 /* UITableView+Extension.swift */ = {isa = PBXFileReference; lastKnownFileType = sourcecode.swift; path = "UITableView+Extension.swift"; sourceTree = "<group>"; };
		22FE13832330BEBD002F7F30 /* CollageController.swift */ = {isa = PBXFileReference; lastKnownFileType = sourcecode.swift; path = CollageController.swift; sourceTree = "<group>"; };
		22FE13862330EC64002F7F30 /* PhotoMovie.swift */ = {isa = PBXFileReference; lastKnownFileType = sourcecode.swift; path = PhotoMovie.swift; sourceTree = "<group>"; };
		22FE13892332025B002F7F30 /* MoviePreviewViewController.swift */ = {isa = PBXFileReference; lastKnownFileType = sourcecode.swift; path = MoviePreviewViewController.swift; sourceTree = "<group>"; };
		22FE5041231CE86300C2C1C1 /* BackgroundColorCollectionViewCell.xib */ = {isa = PBXFileReference; lastKnownFileType = file.xib; path = BackgroundColorCollectionViewCell.xib; sourceTree = "<group>"; };
		22FE5043231CE89600C2C1C1 /* BackgroundColorCollectionViewCell.swift */ = {isa = PBXFileReference; lastKnownFileType = sourcecode.swift; path = BackgroundColorCollectionViewCell.swift; sourceTree = "<group>"; };
		22FE5045231CFC7F00C2C1C1 /* PrototypeLayout.swift */ = {isa = PBXFileReference; lastKnownFileType = sourcecode.swift; path = PrototypeLayout.swift; sourceTree = "<group>"; };
		22FE5047231E77B600C2C1C1 /* EmoticonCollectionViewCell.xib */ = {isa = PBXFileReference; lastKnownFileType = file.xib; path = EmoticonCollectionViewCell.xib; sourceTree = "<group>"; };
		22FE5049231E78AE00C2C1C1 /* EmoticonCollectionViewCell.swift */ = {isa = PBXFileReference; lastKnownFileType = sourcecode.swift; path = EmoticonCollectionViewCell.swift; sourceTree = "<group>"; };
		22FE504F231F9A5500C2C1C1 /* CGFloat+Extension.swift */ = {isa = PBXFileReference; lastKnownFileType = sourcecode.swift; path = "CGFloat+Extension.swift"; sourceTree = "<group>"; };
		86A91C2890B62BF2078CC51D /* Pods-PiggyPatchwork.debug.xcconfig */ = {isa = PBXFileReference; includeInIndex = 1; lastKnownFileType = text.xcconfig; name = "Pods-PiggyPatchwork.debug.xcconfig"; path = "Target Support Files/Pods-PiggyPatchwork/Pods-PiggyPatchwork.debug.xcconfig"; sourceTree = "<group>"; };
		A10A8CAE55D2F84AFD8E0D3C /* Pods-PiggyPatchwork.release.xcconfig */ = {isa = PBXFileReference; includeInIndex = 1; lastKnownFileType = text.xcconfig; name = "Pods-PiggyPatchwork.release.xcconfig"; path = "Target Support Files/Pods-PiggyPatchwork/Pods-PiggyPatchwork.release.xcconfig"; sourceTree = "<group>"; };
/* End PBXFileReference section */

/* Begin PBXFrameworksBuildPhase section */
		22D526872315460B00F76354 /* Frameworks */ = {
			isa = PBXFrameworksBuildPhase;
			buildActionMask = 2147483647;
			files = (
				2234F5F9233A5A63008B0303 /* WebKit.framework in Frameworks */,
				252133BE3CDEF6C3528CA833 /* Pods_PiggyPatchwork.framework in Frameworks */,
			);
			runOnlyForDeploymentPostprocessing = 0;
		};
/* End PBXFrameworksBuildPhase section */

/* Begin PBXGroup section */
		062763ABAE09E4E859CC2A99 /* Frameworks */ = {
			isa = PBXGroup;
			children = (
				2234F5F8233A5A63008B0303 /* WebKit.framework */,
				05D3706CE9AF71A0B1261D49 /* Pods_PiggyPatchwork.framework */,
			);
			name = Frameworks;
			sourceTree = "<group>";
		};
		2203840323165C66003C285B /* Collage */ = {
			isa = PBXGroup;
			children = (
				22FE504B231E78D400C2C1C1 /* Collage */,
				22FE504D231E78F600C2C1C1 /* Background */,
				22FE504E231E790A00C2C1C1 /* Emoticon */,
				220384112316A633003C285B /* PrototypeCollectionViewLayout.swift */,
			);
			path = Collage;
			sourceTree = "<group>";
		};
		2203840C23166CD6003C285B /* Collage */ = {
			isa = PBXGroup;
			children = (
				2203840D23166CF2003C285B /* CollageViewController.swift */,
			);
			path = Collage;
			sourceTree = "<group>";
		};
		2203840F23168358003C285B /* SelectionView */ = {
			isa = PBXGroup;
			children = (
				2203840A231665D6003C285B /* SelectionView.swift */,
			);
			path = SelectionView;
			sourceTree = "<group>";
		};
		220384102316A605003C285B /* CollageCollectionView */ = {
			isa = PBXGroup;
			children = (
				220384172317A5AC003C285B /* FunctionOption.swift */,
				2205CC8F2326A700000682BE /* Gradient.swift */,
				22FE5045231CFC7F00C2C1C1 /* PrototypeLayout.swift */,
				22FE13832330BEBD002F7F30 /* CollageController.swift */,
				22FAD7222346355A001062D7 /* BackgroundColorController.swift */,
				22FAD72423463574001062D7 /* EmoticonController.swift */,
			);
			path = CollageCollectionView;
			sourceTree = "<group>";
		};
		2205CC8C23269A4C000682BE /* CollagePreview */ = {
			isa = PBXGroup;
			children = (
				2205CC8D23269CBB000682BE /* CollagePreviewViewController.swift */,
				2205CC912328D24F000682BE /* PushTransition.swift */,
			);
			path = CollagePreview;
			sourceTree = "<group>";
		};
		2205CC932328D365000682BE /* Canvas */ = {
			isa = PBXGroup;
			children = (
				2205CC942328D380000682BE /* CanvasViewController.swift */,
				2205CC982329057A000682BE /* PopTransition.swift */,
			);
			path = Canvas;
			sourceTree = "<group>";
		};
		2205CC9A2329F71F000682BE /* Canvas */ = {
			isa = PBXGroup;
			children = (
				2205CC9B2329F736000682BE /* CanvasView.swift */,
			);
			path = Canvas;
			sourceTree = "<group>";
		};
		22213E5323349A2900D24EF0 /* LottieAnimation */ = {
			isa = PBXGroup;
			children = (
				2222F34F23367E920084FA91 /* loading.json */,
				2222166B23351C8C005F48E1 /* video_animation.json */,
				2222166923350211005F48E1 /* downArrow.json */,
				22D735F42334AAB300AB34F1 /* LottieAnimation.swift */,
				22D735F62334BD3A00AB34F1 /* LottieWrapper.swift */,
			);
			path = LottieAnimation;
			sourceTree = "<group>";
		};
		2234F5F3233A3581008B0303 /* Privacy */ = {
			isa = PBXGroup;
			children = (
				2234F5F4233A3594008B0303 /* PrivacyViewController.swift */,
			);
			path = Privacy;
			sourceTree = "<group>";
		};
		2239EEAF233B50D6001DAD12 /* Canvas */ = {
			isa = PBXGroup;
			children = (
				2205CCC0232A92E2000682BE /* StrokeLine.swift */,
			);
			path = Canvas;
			sourceTree = "<group>";
		};
		22D526812315460B00F76354 = {
			isa = PBXGroup;
			children = (
				22D5268C2315460B00F76354 /* PiggyPatchwork */,
				22D5268B2315460B00F76354 /* Products */,
				F20B23BCCE0EA2967217A4D6 /* Pods */,
				062763ABAE09E4E859CC2A99 /* Frameworks */,
			);
			sourceTree = "<group>";
		};
		22D5268B2315460B00F76354 /* Products */ = {
			isa = PBXGroup;
			children = (
				22D5268A2315460B00F76354 /* PiggyPatchwork.app */,
			);
			name = Products;
			sourceTree = "<group>";
		};
		22D5268C2315460B00F76354 /* PiggyPatchwork */ = {
			isa = PBXGroup;
			children = (
				22D526A923155A8300F76354 /* Resource */,
				22D526A8231559F400F76354 /* Extension */,
				22D526A7231559E600F76354 /* Third-Party */,
				22D526A4231558BB00F76354 /* Model */,
				22D526A5231558CC00F76354 /* Controller */,
				22D526A62315593100F76354 /* View */,
				22213E4B2333251A00D24EF0 /* Launching.storyboard */,
				2234F5F6233A3C3B008B0303 /* Pravicy.storyboard */,
				22D526992315460D00F76354 /* LaunchScreen.storyboard */,
				22D526912315460B00F76354 /* Collage.storyboard */,
				22FE136E232E4205002F7F30 /* Lobby.storyboard */,
				22FE1370232E421B002F7F30 /* PhotoMovie.storyboard */,
				22D526942315460B00F76354 /* PiggyPatchwork.xcdatamodeld */,
				2234F5FA233B2485008B0303 /* GoogleService-Info.plist */,
				22D5269C2315460D00F76354 /* Info.plist */,
				22D5268D2315460B00F76354 /* AppDelegate.swift */,
			);
			path = PiggyPatchwork;
			sourceTree = "<group>";
		};
		22D526A4231558BB00F76354 /* Model */ = {
			isa = PBXGroup;
			children = (
				22FAD71F2344E557001062D7 /* FaceDetection */,
				2239EEAF233B50D6001DAD12 /* Canvas */,
				22FE13852330EC33002F7F30 /* PhotoMovie */,
				220384102316A605003C285B /* CollageCollectionView */,
			);
			path = Model;
			sourceTree = "<group>";
		};
		22D526A5231558CC00F76354 /* Controller */ = {
			isa = PBXGroup;
			children = (
				2205CC932328D365000682BE /* Canvas */,
				2203840C23166CD6003C285B /* Collage */,
				2205CC8C23269A4C000682BE /* CollagePreview */,
				22FAD711233E1703001062D7 /* Launching */,
				22FE1377232E58CB002F7F30 /* Lobby */,
				22FE138823320229002F7F30 /* MoviePreview */,
				22FE1378232E5934002F7F30 /* PhotoMovie */,
				2234F5F3233A3581008B0303 /* Privacy */,
			);
			path = Controller;
			sourceTree = "<group>";
		};
		22D526A62315593100F76354 /* View */ = {
			isa = PBXGroup;
			children = (
				2205CC9A2329F71F000682BE /* Canvas */,
				2203840323165C66003C285B /* Collage */,
				22FAD7152340BD36001062D7 /* Launching */,
				22FE1376232E58A3002F7F30 /* PhotoMovie */,
				2203840F23168358003C285B /* SelectionView */,
			);
			path = View;
			sourceTree = "<group>";
		};
		22D526A7231559E600F76354 /* Third-Party */ = {
			isa = PBXGroup;
			children = (
				22213E5323349A2900D24EF0 /* LottieAnimation */,
				2205CC8A23250682000682BE /* JonAlertWrapper.swift */,
				22FAD71B23442E8D001062D7 /* OpalImagePickerWrapper.swift */,
			);
			path = "Third-Party";
			sourceTree = "<group>";
		};
		22D526A8231559F400F76354 /* Extension */ = {
			isa = PBXGroup;
			children = (
				22FE504F231F9A5500C2C1C1 /* CGFloat+Extension.swift */,
				2222F34B2336545A0084FA91 /* String+Extension.swift */,
				22FAD71823434A96001062D7 /* UIApplication+Extension.swift */,
				2203840123165999003C285B /* UICollectionView+Extension.swift */,
				220383FD231657E8003C285B /* UIColor+Extension.swift */,
				220383FF23165860003C285B /* UIImage+Extension.swift */,
				220383FB231654A0003C285B /* UIScreen+Extension.swift */,
				22FE1372232E5611002F7F30 /* UIStoryboard+Extension.swift */,
				22FE1381232F3F97002F7F30 /* UITableView+Extension.swift */,
				2206B7E32318DCC3000B0135 /* UIView+Extension.swift */,
				22FAD71D2344AF2D001062D7 /* UIButton+Extension.swift */,
			);
			path = Extension;
			sourceTree = "<group>";
		};
		22D526A923155A8300F76354 /* Resource */ = {
			isa = PBXGroup;
			children = (
				22D526972315460D00F76354 /* Assets.xcassets */,
			);
			path = Resource;
			sourceTree = "<group>";
		};
		22FAD711233E1703001062D7 /* Launching */ = {
			isa = PBXGroup;
			children = (
				22FAD712233E172C001062D7 /* LaunchingViewController.swift */,
			);
			path = Launching;
			sourceTree = "<group>";
		};
		22FAD7152340BD36001062D7 /* Launching */ = {
			isa = PBXGroup;
			children = (
				22FAD7162340BD66001062D7 /* PiggyDiffussionTransition.swift */,
			);
			path = Launching;
			sourceTree = "<group>";
		};
		22FAD71F2344E557001062D7 /* FaceDetection */ = {
			isa = PBXGroup;
			children = (
				22FAD7202344E57D001062D7 /* FaceDetection.swift */,
			);
			path = FaceDetection;
			sourceTree = "<group>";
		};
		22FE1376232E58A3002F7F30 /* PhotoMovie */ = {
			isa = PBXGroup;
			children = (
				22FE137D232F3F0E002F7F30 /* PhotoMovieTableViewCell.swift */,
				22FE137F232F3F68002F7F30 /* PhotoMovieTableViewCell.xib */,
				22213E4D2333604500D24EF0 /* CardView.swift */,
			);
			path = PhotoMovie;
			sourceTree = "<group>";
		};
		22FE1377232E58CB002F7F30 /* Lobby */ = {
			isa = PBXGroup;
			children = (
				22FE1374232E585A002F7F30 /* LobbyViewController.swift */,
			);
			path = Lobby;
			sourceTree = "<group>";
		};
		22FE1378232E5934002F7F30 /* PhotoMovie */ = {
			isa = PBXGroup;
			children = (
				22FE1379232E5951002F7F30 /* PhotoMovieViewController.swift */,
			);
			path = PhotoMovie;
			sourceTree = "<group>";
		};
		22FE13852330EC33002F7F30 /* PhotoMovie */ = {
			isa = PBXGroup;
			children = (
				22FE13862330EC64002F7F30 /* PhotoMovie.swift */,
			);
			path = PhotoMovie;
			sourceTree = "<group>";
		};
		22FE138823320229002F7F30 /* MoviePreview */ = {
			isa = PBXGroup;
			children = (
				22FE13892332025B002F7F30 /* MoviePreviewViewController.swift */,
			);
			path = MoviePreview;
			sourceTree = "<group>";
		};
		22FE504B231E78D400C2C1C1 /* Collage */ = {
			isa = PBXGroup;
			children = (
				2203840823165D85003C285B /* CollageCollectionViewCell.swift */,
				2203840423165CA6003C285B /* CollageCollectionViewCell.xib */,
			);
			path = Collage;
			sourceTree = "<group>";
		};
		22FE504D231E78F600C2C1C1 /* Background */ = {
			isa = PBXGroup;
			children = (
				22FE5043231CE89600C2C1C1 /* BackgroundColorCollectionViewCell.swift */,
				22FE5041231CE86300C2C1C1 /* BackgroundColorCollectionViewCell.xib */,
			);
			path = Background;
			sourceTree = "<group>";
		};
		22FE504E231E790A00C2C1C1 /* Emoticon */ = {
			isa = PBXGroup;
			children = (
				22FE5049231E78AE00C2C1C1 /* EmoticonCollectionViewCell.swift */,
				22FE5047231E77B600C2C1C1 /* EmoticonCollectionViewCell.xib */,
			);
			path = Emoticon;
			sourceTree = "<group>";
		};
		F20B23BCCE0EA2967217A4D6 /* Pods */ = {
			isa = PBXGroup;
			children = (
				86A91C2890B62BF2078CC51D /* Pods-PiggyPatchwork.debug.xcconfig */,
				A10A8CAE55D2F84AFD8E0D3C /* Pods-PiggyPatchwork.release.xcconfig */,
			);
			path = Pods;
			sourceTree = "<group>";
		};
/* End PBXGroup section */

/* Begin PBXNativeTarget section */
		22D526892315460B00F76354 /* PiggyPatchwork */ = {
			isa = PBXNativeTarget;
			buildConfigurationList = 22D5269F2315460D00F76354 /* Build configuration list for PBXNativeTarget "PiggyPatchwork" */;
			buildPhases = (
				A6A977C51242F7B1421F74C6 /* [CP] Check Pods Manifest.lock */,
				22D526862315460B00F76354 /* Sources */,
				22D526872315460B00F76354 /* Frameworks */,
				22D526882315460B00F76354 /* Resources */,
				22D526A32315476500F76354 /* SwiftLint */,
				ACE2988F41AFB5298B2AAA91 /* [CP] Embed Pods Frameworks */,
				2234F5F2233A21E5008B0303 /* Run Script */,
			);
			buildRules = (
			);
			dependencies = (
			);
			name = PiggyPatchwork;
			productName = PiggyPatchwork;
			productReference = 22D5268A2315460B00F76354 /* PiggyPatchwork.app */;
			productType = "com.apple.product-type.application";
		};
/* End PBXNativeTarget section */

/* Begin PBXProject section */
		22D526822315460B00F76354 /* Project object */ = {
			isa = PBXProject;
			attributes = {
				LastSwiftUpdateCheck = 1030;
				LastUpgradeCheck = 1030;
				ORGANIZATIONNAME = PanLiHsiang;
				TargetAttributes = {
					22D526892315460B00F76354 = {
						CreatedOnToolsVersion = 10.3;
					};
				};
			};
			buildConfigurationList = 22D526852315460B00F76354 /* Build configuration list for PBXProject "PiggyPatchwork" */;
			compatibilityVersion = "Xcode 9.3";
			developmentRegion = en;
			hasScannedForEncodings = 0;
			knownRegions = (
				en,
				Base,
			);
			mainGroup = 22D526812315460B00F76354;
			productRefGroup = 22D5268B2315460B00F76354 /* Products */;
			projectDirPath = "";
			projectRoot = "";
			targets = (
				22D526892315460B00F76354 /* PiggyPatchwork */,
			);
		};
/* End PBXProject section */

/* Begin PBXResourcesBuildPhase section */
		22D526882315460B00F76354 /* Resources */ = {
			isa = PBXResourcesBuildPhase;
			buildActionMask = 2147483647;
			files = (
				22213E4C2333251A00D24EF0 /* Launching.storyboard in Resources */,
				2222166C23351C8C005F48E1 /* video_animation.json in Resources */,
				22FE5048231E77B600C2C1C1 /* EmoticonCollectionViewCell.xib in Resources */,
				22FE5042231CE86300C2C1C1 /* BackgroundColorCollectionViewCell.xib in Resources */,
				22D5269B2315460D00F76354 /* LaunchScreen.storyboard in Resources */,
				22FE1380232F3F68002F7F30 /* PhotoMovieTableViewCell.xib in Resources */,
				2234F5F7233A3C3B008B0303 /* Pravicy.storyboard in Resources */,
				2222F35023367E920084FA91 /* loading.json in Resources */,
				2203840523165CA6003C285B /* CollageCollectionViewCell.xib in Resources */,
				2234F5FB233B2486008B0303 /* GoogleService-Info.plist in Resources */,
				22D526982315460D00F76354 /* Assets.xcassets in Resources */,
				22FE136F232E4205002F7F30 /* Lobby.storyboard in Resources */,
				22FE1371232E421C002F7F30 /* PhotoMovie.storyboard in Resources */,
				2222166A23350211005F48E1 /* downArrow.json in Resources */,
				22D526932315460B00F76354 /* Collage.storyboard in Resources */,
			);
			runOnlyForDeploymentPostprocessing = 0;
		};
/* End PBXResourcesBuildPhase section */

/* Begin PBXShellScriptBuildPhase section */
		2234F5F2233A21E5008B0303 /* Run Script */ = {
			isa = PBXShellScriptBuildPhase;
			buildActionMask = 12;
			files = (
			);
			inputFileListPaths = (
			);
			inputPaths = (
			);
			name = "Run Script";
			outputFileListPaths = (
			);
			outputPaths = (
			);
			runOnlyForDeploymentPostprocessing = 0;
			shellPath = /bin/sh;
			shellScript = "\"${PODS_ROOT}/Fabric/run\"\n";
		};
		22D526A32315476500F76354 /* SwiftLint */ = {
			isa = PBXShellScriptBuildPhase;
			buildActionMask = 2147483647;
			files = (
			);
			inputFileListPaths = (
			);
			inputPaths = (
			);
			name = SwiftLint;
			outputFileListPaths = (
			);
			outputPaths = (
			);
			runOnlyForDeploymentPostprocessing = 0;
			shellPath = /bin/sh;
			shellScript = "\"${PODS_ROOT}/SwiftLint/swiftlint\"\n";
		};
		A6A977C51242F7B1421F74C6 /* [CP] Check Pods Manifest.lock */ = {
			isa = PBXShellScriptBuildPhase;
			buildActionMask = 2147483647;
			files = (
			);
			inputFileListPaths = (
			);
			inputPaths = (
				"${PODS_PODFILE_DIR_PATH}/Podfile.lock",
				"${PODS_ROOT}/Manifest.lock",
			);
			name = "[CP] Check Pods Manifest.lock";
			outputFileListPaths = (
			);
			outputPaths = (
				"$(DERIVED_FILE_DIR)/Pods-PiggyPatchwork-checkManifestLockResult.txt",
			);
			runOnlyForDeploymentPostprocessing = 0;
			shellPath = /bin/sh;
			shellScript = "diff \"${PODS_PODFILE_DIR_PATH}/Podfile.lock\" \"${PODS_ROOT}/Manifest.lock\" > /dev/null\nif [ $? != 0 ] ; then\n    # print error to STDERR\n    echo \"error: The sandbox is not in sync with the Podfile.lock. Run 'pod install' or update your CocoaPods installation.\" >&2\n    exit 1\nfi\n# This output is used by Xcode 'outputs' to avoid re-running this script phase.\necho \"SUCCESS\" > \"${SCRIPT_OUTPUT_FILE_0}\"\n";
			showEnvVarsInLog = 0;
		};
		ACE2988F41AFB5298B2AAA91 /* [CP] Embed Pods Frameworks */ = {
			isa = PBXShellScriptBuildPhase;
			buildActionMask = 12;
			files = (
			);
			inputFileListPaths = (
				"${PODS_ROOT}/Target Support Files/Pods-PiggyPatchwork/Pods-PiggyPatchwork-frameworks-${CONFIGURATION}-input-files.xcfilelist",
			);
			name = "[CP] Embed Pods Frameworks";
			outputFileListPaths = (
				"${PODS_ROOT}/Target Support Files/Pods-PiggyPatchwork/Pods-PiggyPatchwork-frameworks-${CONFIGURATION}-output-files.xcfilelist",
			);
			runOnlyForDeploymentPostprocessing = 0;
			shellPath = /bin/sh;
			shellScript = "\"${PODS_ROOT}/Target Support Files/Pods-PiggyPatchwork/Pods-PiggyPatchwork-frameworks.sh\"\n";
			showEnvVarsInLog = 0;
		};
/* End PBXShellScriptBuildPhase section */

/* Begin PBXSourcesBuildPhase section */
		22D526862315460B00F76354 /* Sources */ = {
			isa = PBXSourcesBuildPhase;
			buildActionMask = 2147483647;
			files = (
				22FE504A231E78AE00C2C1C1 /* EmoticonCollectionViewCell.swift in Sources */,
				2205CC922328D24F000682BE /* PushTransition.swift in Sources */,
				2205CC9C2329F736000682BE /* CanvasView.swift in Sources */,
				22D735F72334BD3A00AB34F1 /* LottieWrapper.swift in Sources */,
				2234F5F5233A3594008B0303 /* PrivacyViewController.swift in Sources */,
				22FAD7232346355A001062D7 /* BackgroundColorController.swift in Sources */,
				2206B7E42318DCC3000B0135 /* UIView+Extension.swift in Sources */,
				22FAD713233E172C001062D7 /* LaunchingViewController.swift in Sources */,
				22FAD7172340BD66001062D7 /* PiggyDiffussionTransition.swift in Sources */,
				22FE5044231CE89600C2C1C1 /* BackgroundColorCollectionViewCell.swift in Sources */,
				22FE137E232F3F0E002F7F30 /* PhotoMovieTableViewCell.swift in Sources */,
				2203840223165999003C285B /* UICollectionView+Extension.swift in Sources */,
				220383FC231654A0003C285B /* UIScreen+Extension.swift in Sources */,
				220384122316A633003C285B /* PrototypeCollectionViewLayout.swift in Sources */,
				22FAD72523463574001062D7 /* EmoticonController.swift in Sources */,
				22FE5050231F9A5500C2C1C1 /* CGFloat+Extension.swift in Sources */,
				22FE137A232E5951002F7F30 /* PhotoMovieViewController.swift in Sources */,
				2205CC952328D380000682BE /* CanvasViewController.swift in Sources */,
				22FE13842330BEBD002F7F30 /* CollageController.swift in Sources */,
				2203840923165D85003C285B /* CollageCollectionViewCell.swift in Sources */,
				22FAD71923434A96001062D7 /* UIApplication+Extension.swift in Sources */,
				22D5268E2315460B00F76354 /* AppDelegate.swift in Sources */,
				2205CC8E23269CBB000682BE /* CollagePreviewViewController.swift in Sources */,
				22FAD71C23442E8D001062D7 /* OpalImagePickerWrapper.swift in Sources */,
				220384182317A5AC003C285B /* FunctionOption.swift in Sources */,
				22FE1375232E585A002F7F30 /* LobbyViewController.swift in Sources */,
				22FAD7212344E57D001062D7 /* FaceDetection.swift in Sources */,
				22FE5046231CFC7F00C2C1C1 /* PrototypeLayout.swift in Sources */,
				2203840E23166CF2003C285B /* CollageViewController.swift in Sources */,
				22D735F52334AAB300AB34F1 /* LottieAnimation.swift in Sources */,
				22FE1382232F3F97002F7F30 /* UITableView+Extension.swift in Sources */,
				2203840B231665D6003C285B /* SelectionView.swift in Sources */,
				22FE1373232E5611002F7F30 /* UIStoryboard+Extension.swift in Sources */,
				2205CC902326A700000682BE /* Gradient.swift in Sources */,
				22FE138A2332025B002F7F30 /* MoviePreviewViewController.swift in Sources */,
				2203840023165860003C285B /* UIImage+Extension.swift in Sources */,
				2222F34C2336545A0084FA91 /* String+Extension.swift in Sources */,
				22D526962315460B00F76354 /* PiggyPatchwork.xcdatamodeld in Sources */,
				2205CCC1232A92E2000682BE /* StrokeLine.swift in Sources */,
				220383FE231657E8003C285B /* UIColor+Extension.swift in Sources */,
				2205CC992329057A000682BE /* PopTransition.swift in Sources */,
				2205CC8B23250682000682BE /* JonAlertWrapper.swift in Sources */,
				22213E4E2333604500D24EF0 /* CardView.swift in Sources */,
				22FE13872330EC64002F7F30 /* PhotoMovie.swift in Sources */,
				22FAD71E2344AF2D001062D7 /* UIButton+Extension.swift in Sources */,
			);
			runOnlyForDeploymentPostprocessing = 0;
		};
/* End PBXSourcesBuildPhase section */

/* Begin PBXVariantGroup section */
		22D526912315460B00F76354 /* Collage.storyboard */ = {
			isa = PBXVariantGroup;
			children = (
				22D526922315460B00F76354 /* Base */,
			);
			name = Collage.storyboard;
			sourceTree = "<group>";
		};
		22D526992315460D00F76354 /* LaunchScreen.storyboard */ = {
			isa = PBXVariantGroup;
			children = (
				22D5269A2315460D00F76354 /* Base */,
			);
			name = LaunchScreen.storyboard;
			sourceTree = "<group>";
		};
/* End PBXVariantGroup section */

/* Begin XCBuildConfiguration section */
		22D5269D2315460D00F76354 /* Debug */ = {
			isa = XCBuildConfiguration;
			buildSettings = {
				ALWAYS_SEARCH_USER_PATHS = NO;
				CLANG_ANALYZER_NONNULL = YES;
				CLANG_ANALYZER_NUMBER_OBJECT_CONVERSION = YES_AGGRESSIVE;
				CLANG_CXX_LANGUAGE_STANDARD = "gnu++14";
				CLANG_CXX_LIBRARY = "libc++";
				CLANG_ENABLE_MODULES = YES;
				CLANG_ENABLE_OBJC_ARC = YES;
				CLANG_ENABLE_OBJC_WEAK = YES;
				CLANG_WARN_BLOCK_CAPTURE_AUTORELEASING = YES;
				CLANG_WARN_BOOL_CONVERSION = YES;
				CLANG_WARN_COMMA = YES;
				CLANG_WARN_CONSTANT_CONVERSION = YES;
				CLANG_WARN_DEPRECATED_OBJC_IMPLEMENTATIONS = YES;
				CLANG_WARN_DIRECT_OBJC_ISA_USAGE = YES_ERROR;
				CLANG_WARN_DOCUMENTATION_COMMENTS = YES;
				CLANG_WARN_EMPTY_BODY = YES;
				CLANG_WARN_ENUM_CONVERSION = YES;
				CLANG_WARN_INFINITE_RECURSION = YES;
				CLANG_WARN_INT_CONVERSION = YES;
				CLANG_WARN_NON_LITERAL_NULL_CONVERSION = YES;
				CLANG_WARN_OBJC_IMPLICIT_RETAIN_SELF = YES;
				CLANG_WARN_OBJC_LITERAL_CONVERSION = YES;
				CLANG_WARN_OBJC_ROOT_CLASS = YES_ERROR;
				CLANG_WARN_RANGE_LOOP_ANALYSIS = YES;
				CLANG_WARN_STRICT_PROTOTYPES = YES;
				CLANG_WARN_SUSPICIOUS_MOVE = YES;
				CLANG_WARN_UNGUARDED_AVAILABILITY = YES_AGGRESSIVE;
				CLANG_WARN_UNREACHABLE_CODE = YES;
				CLANG_WARN__DUPLICATE_METHOD_MATCH = YES;
				CODE_SIGN_IDENTITY = "iPhone Developer";
				COPY_PHASE_STRIP = NO;
				DEBUG_INFORMATION_FORMAT = "dwarf-with-dsym";
				ENABLE_STRICT_OBJC_MSGSEND = YES;
				ENABLE_TESTABILITY = YES;
				GCC_C_LANGUAGE_STANDARD = gnu11;
				GCC_DYNAMIC_NO_PIC = NO;
				GCC_NO_COMMON_BLOCKS = YES;
				GCC_OPTIMIZATION_LEVEL = 0;
				GCC_PREPROCESSOR_DEFINITIONS = (
					"DEBUG=1",
					"$(inherited)",
				);
				GCC_WARN_64_TO_32_BIT_CONVERSION = YES;
				GCC_WARN_ABOUT_RETURN_TYPE = YES_ERROR;
				GCC_WARN_UNDECLARED_SELECTOR = YES;
				GCC_WARN_UNINITIALIZED_AUTOS = YES_AGGRESSIVE;
				GCC_WARN_UNUSED_FUNCTION = YES;
				GCC_WARN_UNUSED_VARIABLE = YES;
				IPHONEOS_DEPLOYMENT_TARGET = 12.0;
				MTL_ENABLE_DEBUG_INFO = INCLUDE_SOURCE;
				MTL_FAST_MATH = YES;
				ONLY_ACTIVE_ARCH = YES;
				SDKROOT = iphoneos;
				SWIFT_ACTIVE_COMPILATION_CONDITIONS = DEBUG;
				SWIFT_OPTIMIZATION_LEVEL = "-Onone";
			};
			name = Debug;
		};
		22D5269E2315460D00F76354 /* Release */ = {
			isa = XCBuildConfiguration;
			buildSettings = {
				ALWAYS_SEARCH_USER_PATHS = NO;
				CLANG_ANALYZER_NONNULL = YES;
				CLANG_ANALYZER_NUMBER_OBJECT_CONVERSION = YES_AGGRESSIVE;
				CLANG_CXX_LANGUAGE_STANDARD = "gnu++14";
				CLANG_CXX_LIBRARY = "libc++";
				CLANG_ENABLE_MODULES = YES;
				CLANG_ENABLE_OBJC_ARC = YES;
				CLANG_ENABLE_OBJC_WEAK = YES;
				CLANG_WARN_BLOCK_CAPTURE_AUTORELEASING = YES;
				CLANG_WARN_BOOL_CONVERSION = YES;
				CLANG_WARN_COMMA = YES;
				CLANG_WARN_CONSTANT_CONVERSION = YES;
				CLANG_WARN_DEPRECATED_OBJC_IMPLEMENTATIONS = YES;
				CLANG_WARN_DIRECT_OBJC_ISA_USAGE = YES_ERROR;
				CLANG_WARN_DOCUMENTATION_COMMENTS = YES;
				CLANG_WARN_EMPTY_BODY = YES;
				CLANG_WARN_ENUM_CONVERSION = YES;
				CLANG_WARN_INFINITE_RECURSION = YES;
				CLANG_WARN_INT_CONVERSION = YES;
				CLANG_WARN_NON_LITERAL_NULL_CONVERSION = YES;
				CLANG_WARN_OBJC_IMPLICIT_RETAIN_SELF = YES;
				CLANG_WARN_OBJC_LITERAL_CONVERSION = YES;
				CLANG_WARN_OBJC_ROOT_CLASS = YES_ERROR;
				CLANG_WARN_RANGE_LOOP_ANALYSIS = YES;
				CLANG_WARN_STRICT_PROTOTYPES = YES;
				CLANG_WARN_SUSPICIOUS_MOVE = YES;
				CLANG_WARN_UNGUARDED_AVAILABILITY = YES_AGGRESSIVE;
				CLANG_WARN_UNREACHABLE_CODE = YES;
				CLANG_WARN__DUPLICATE_METHOD_MATCH = YES;
				CODE_SIGN_IDENTITY = "iPhone Developer";
				COPY_PHASE_STRIP = NO;
				DEBUG_INFORMATION_FORMAT = "dwarf-with-dsym";
				ENABLE_NS_ASSERTIONS = NO;
				ENABLE_STRICT_OBJC_MSGSEND = YES;
				GCC_C_LANGUAGE_STANDARD = gnu11;
				GCC_NO_COMMON_BLOCKS = YES;
				GCC_WARN_64_TO_32_BIT_CONVERSION = YES;
				GCC_WARN_ABOUT_RETURN_TYPE = YES_ERROR;
				GCC_WARN_UNDECLARED_SELECTOR = YES;
				GCC_WARN_UNINITIALIZED_AUTOS = YES_AGGRESSIVE;
				GCC_WARN_UNUSED_FUNCTION = YES;
				GCC_WARN_UNUSED_VARIABLE = YES;
				IPHONEOS_DEPLOYMENT_TARGET = 12.0;
				MTL_ENABLE_DEBUG_INFO = NO;
				MTL_FAST_MATH = YES;
				SDKROOT = iphoneos;
				SWIFT_COMPILATION_MODE = wholemodule;
				SWIFT_OPTIMIZATION_LEVEL = "-O";
				VALIDATE_PRODUCT = YES;
			};
			name = Release;
		};
		22D526A02315460D00F76354 /* Debug */ = {
			isa = XCBuildConfiguration;
			baseConfigurationReference = 86A91C2890B62BF2078CC51D /* Pods-PiggyPatchwork.debug.xcconfig */;
			buildSettings = {
				ASSETCATALOG_COMPILER_APPICON_NAME = AppIcon;
				CODE_SIGN_STYLE = Automatic;
				CURRENT_PROJECT_VERSION = 2;
				DEBUG_INFORMATION_FORMAT = "dwarf-with-dsym";
				DEVELOPMENT_TEAM = CL27H452FX;
				INFOPLIST_FILE = PiggyPatchwork/Info.plist;
				IPHONEOS_DEPLOYMENT_TARGET = 12.0;
				LD_RUNPATH_SEARCH_PATHS = (
					"$(inherited)",
					"@executable_path/Frameworks",
				);
				MARKETING_VERSION = 1.1;
				PRODUCT_BUNDLE_IDENTIFIER = com.PersonalProject.PiggyPatchwork;
				PRODUCT_NAME = "$(TARGET_NAME)";
				SWIFT_VERSION = 5.0;
				TARGETED_DEVICE_FAMILY = 1;
			};
			name = Debug;
		};
		22D526A12315460D00F76354 /* Release */ = {
			isa = XCBuildConfiguration;
			baseConfigurationReference = A10A8CAE55D2F84AFD8E0D3C /* Pods-PiggyPatchwork.release.xcconfig */;
			buildSettings = {
				ASSETCATALOG_COMPILER_APPICON_NAME = AppIcon;
				CODE_SIGN_STYLE = Automatic;
				CURRENT_PROJECT_VERSION = 2;
				DEVELOPMENT_TEAM = CL27H452FX;
				INFOPLIST_FILE = PiggyPatchwork/Info.plist;
				IPHONEOS_DEPLOYMENT_TARGET = 12.0;
				LD_RUNPATH_SEARCH_PATHS = (
					"$(inherited)",
					"@executable_path/Frameworks",
				);
				MARKETING_VERSION = 1.1;
				PRODUCT_BUNDLE_IDENTIFIER = com.PersonalProject.PiggyPatchwork;
				PRODUCT_NAME = "$(TARGET_NAME)";
				SWIFT_VERSION = 5.0;
				TARGETED_DEVICE_FAMILY = 1;
			};
			name = Release;
		};
/* End XCBuildConfiguration section */

/* Begin XCConfigurationList section */
		22D526852315460B00F76354 /* Build configuration list for PBXProject "PiggyPatchwork" */ = {
			isa = XCConfigurationList;
			buildConfigurations = (
				22D5269D2315460D00F76354 /* Debug */,
				22D5269E2315460D00F76354 /* Release */,
			);
			defaultConfigurationIsVisible = 0;
			defaultConfigurationName = Release;
		};
		22D5269F2315460D00F76354 /* Build configuration list for PBXNativeTarget "PiggyPatchwork" */ = {
			isa = XCConfigurationList;
			buildConfigurations = (
				22D526A02315460D00F76354 /* Debug */,
				22D526A12315460D00F76354 /* Release */,
			);
			defaultConfigurationIsVisible = 0;
			defaultConfigurationName = Release;
		};
/* End XCConfigurationList section */

/* Begin XCVersionGroup section */
		22D526942315460B00F76354 /* PiggyPatchwork.xcdatamodeld */ = {
			isa = XCVersionGroup;
			children = (
				22D526952315460B00F76354 /* PiggyPatchwork.xcdatamodel */,
			);
			currentVersion = 22D526952315460B00F76354 /* PiggyPatchwork.xcdatamodel */;
			path = PiggyPatchwork.xcdatamodeld;
			sourceTree = "<group>";
			versionGroupType = wrapper.xcdatamodel;
		};
/* End XCVersionGroup section */
	};
	rootObject = 22D526822315460B00F76354 /* Project object */;
}
